// !$*UTF8*$!
{
	archiveVersion = 1;
	classes = {
	};
	objectVersion = 46;
	objects = {

/* Begin PBXBuildFile section */
		F82DFCBE1ECC7D2C00C31782 /* DBHelper.m in Sources */ = {isa = PBXBuildFile; fileRef = F82DFCBD1ECC7D2C00C31782 /* DBHelper.m */; };
		F82DFCC11ECCBC6B00C31782 /* AddressModel.m in Sources */ = {isa = PBXBuildFile; fileRef = F82DFCC01ECCBC6B00C31782 /* AddressModel.m */; };
		F87CEC0E1ECB7E5200247CA4 /* WhereNode.m in Sources */ = {isa = PBXBuildFile; fileRef = F87CEC0D1ECB7E5200247CA4 /* WhereNode.m */; };
		F8B172501ECB31290072CE70 /* main.m in Sources */ = {isa = PBXBuildFile; fileRef = F8B1724F1ECB31290072CE70 /* main.m */; };
		F8B172531ECB31290072CE70 /* AppDelegate.m in Sources */ = {isa = PBXBuildFile; fileRef = F8B172521ECB31290072CE70 /* AppDelegate.m */; };
		F8B172561ECB31290072CE70 /* ViewController.m in Sources */ = {isa = PBXBuildFile; fileRef = F8B172551ECB31290072CE70 /* ViewController.m */; };
		F8B172591ECB31290072CE70 /* Main.storyboard in Resources */ = {isa = PBXBuildFile; fileRef = F8B172571ECB31290072CE70 /* Main.storyboard */; };
		F8B1725B1ECB31290072CE70 /* Assets.xcassets in Resources */ = {isa = PBXBuildFile; fileRef = F8B1725A1ECB31290072CE70 /* Assets.xcassets */; };
		F8B1725E1ECB31290072CE70 /* LaunchScreen.storyboard in Resources */ = {isa = PBXBuildFile; fileRef = F8B1725C1ECB31290072CE70 /* LaunchScreen.storyboard */; };
		F8B1726F1ECB32310072CE70 /* libsqlite3.tbd in Frameworks */ = {isa = PBXBuildFile; fileRef = F8B1726E1ECB32310072CE70 /* libsqlite3.tbd */; };
		F8B172781ECB434F0072CE70 /* PersonModel.m in Sources */ = {isa = PBXBuildFile; fileRef = F8B172771ECB434F0072CE70 /* PersonModel.m */; };
		F8B1729F1ECB73490072CE70 /* DateHelper.m in Sources */ = {isa = PBXBuildFile; fileRef = F8B1728F1ECB73490072CE70 /* DateHelper.m */; };
		F8B172A01ECB73490072CE70 /* PropertyHelper.m in Sources */ = {isa = PBXBuildFile; fileRef = F8B172911ECB73490072CE70 /* PropertyHelper.m */; };
		F8B172A11ECB73490072CE70 /* QueryHelper.m in Sources */ = {isa = PBXBuildFile; fileRef = F8B172931ECB73490072CE70 /* QueryHelper.m */; };
		F8B172A21ECB73490072CE70 /* DaoModel.m in Sources */ = {isa = PBXBuildFile; fileRef = F8B172961ECB73490072CE70 /* DaoModel.m */; };
		F8B172A31ECB73490072CE70 /* Select.m in Sources */ = {isa = PBXBuildFile; fileRef = F8B172991ECB73490072CE70 /* Select.m */; };
		F8B172A41ECB73490072CE70 /* SelectQueryTransaction.m in Sources */ = {isa = PBXBuildFile; fileRef = F8B1729B1ECB73490072CE70 /* SelectQueryTransaction.m */; };
		F8B172A51ECB73490072CE70 /* DBManager.m in Sources */ = {isa = PBXBuildFile; fileRef = F8B1729E1ECB73490072CE70 /* DBManager.m */; };
/* End PBXBuildFile section */

/* Begin PBXFileReference section */
		F82DFCBC1ECC7D2C00C31782 /* DBHelper.h */ = {isa = PBXFileReference; fileEncoding = 4; lastKnownFileType = sourcecode.c.h; path = DBHelper.h; sourceTree = "<group>"; };
		F82DFCBD1ECC7D2C00C31782 /* DBHelper.m */ = {isa = PBXFileReference; fileEncoding = 4; lastKnownFileType = sourcecode.c.objc; path = DBHelper.m; sourceTree = "<group>"; };
		F82DFCBF1ECCBC6B00C31782 /* AddressModel.h */ = {isa = PBXFileReference; fileEncoding = 4; lastKnownFileType = sourcecode.c.h; path = AddressModel.h; sourceTree = "<group>"; };
		F82DFCC01ECCBC6B00C31782 /* AddressModel.m */ = {isa = PBXFileReference; fileEncoding = 4; lastKnownFileType = sourcecode.c.objc; path = AddressModel.m; sourceTree = "<group>"; };
		F87CEC0C1ECB7E5200247CA4 /* WhereNode.h */ = {isa = PBXFileReference; fileEncoding = 4; lastKnownFileType = sourcecode.c.h; path = WhereNode.h; sourceTree = "<group>"; };
		F87CEC0D1ECB7E5200247CA4 /* WhereNode.m */ = {isa = PBXFileReference; fileEncoding = 4; lastKnownFileType = sourcecode.c.objc; path = WhereNode.m; sourceTree = "<group>"; };
		F8B1724B1ECB31290072CE70 /* ReflectionSqlDatabase.app */ = {isa = PBXFileReference; explicitFileType = wrapper.application; includeInIndex = 0; path = ReflectionSqlDatabase.app; sourceTree = BUILT_PRODUCTS_DIR; };
		F8B1724F1ECB31290072CE70 /* main.m */ = {isa = PBXFileReference; lastKnownFileType = sourcecode.c.objc; path = main.m; sourceTree = "<group>"; };
		F8B172511ECB31290072CE70 /* AppDelegate.h */ = {isa = PBXFileReference; lastKnownFileType = sourcecode.c.h; path = AppDelegate.h; sourceTree = "<group>"; };
		F8B172521ECB31290072CE70 /* AppDelegate.m */ = {isa = PBXFileReference; lastKnownFileType = sourcecode.c.objc; path = AppDelegate.m; sourceTree = "<group>"; };
		F8B172541ECB31290072CE70 /* ViewController.h */ = {isa = PBXFileReference; lastKnownFileType = sourcecode.c.h; path = ViewController.h; sourceTree = "<group>"; };
		F8B172551ECB31290072CE70 /* ViewController.m */ = {isa = PBXFileReference; lastKnownFileType = sourcecode.c.objc; path = ViewController.m; sourceTree = "<group>"; };
		F8B172581ECB31290072CE70 /* Base */ = {isa = PBXFileReference; lastKnownFileType = file.storyboard; name = Base; path = Base.lproj/Main.storyboard; sourceTree = "<group>"; };
		F8B1725A1ECB31290072CE70 /* Assets.xcassets */ = {isa = PBXFileReference; lastKnownFileType = folder.assetcatalog; path = Assets.xcassets; sourceTree = "<group>"; };
		F8B1725D1ECB31290072CE70 /* Base */ = {isa = PBXFileReference; lastKnownFileType = file.storyboard; name = Base; path = Base.lproj/LaunchScreen.storyboard; sourceTree = "<group>"; };
		F8B1725F1ECB31290072CE70 /* Info.plist */ = {isa = PBXFileReference; lastKnownFileType = text.plist.xml; path = Info.plist; sourceTree = "<group>"; };
		F8B1726E1ECB32310072CE70 /* libsqlite3.tbd */ = {isa = PBXFileReference; lastKnownFileType = "sourcecode.text-based-dylib-definition"; name = libsqlite3.tbd; path = usr/lib/libsqlite3.tbd; sourceTree = SDKROOT; };
		F8B172761ECB434F0072CE70 /* PersonModel.h */ = {isa = PBXFileReference; fileEncoding = 4; lastKnownFileType = sourcecode.c.h; path = PersonModel.h; sourceTree = "<group>"; };
		F8B172771ECB434F0072CE70 /* PersonModel.m */ = {isa = PBXFileReference; fileEncoding = 4; lastKnownFileType = sourcecode.c.objc; path = PersonModel.m; sourceTree = "<group>"; };
		F8B1728E1ECB73490072CE70 /* DateHelper.h */ = {isa = PBXFileReference; fileEncoding = 4; lastKnownFileType = sourcecode.c.h; path = DateHelper.h; sourceTree = "<group>"; };
		F8B1728F1ECB73490072CE70 /* DateHelper.m */ = {isa = PBXFileReference; fileEncoding = 4; lastKnownFileType = sourcecode.c.objc; path = DateHelper.m; sourceTree = "<group>"; };
		F8B172901ECB73490072CE70 /* PropertyHelper.h */ = {isa = PBXFileReference; fileEncoding = 4; lastKnownFileType = sourcecode.c.h; path = PropertyHelper.h; sourceTree = "<group>"; };
		F8B172911ECB73490072CE70 /* PropertyHelper.m */ = {isa = PBXFileReference; fileEncoding = 4; lastKnownFileType = sourcecode.c.objc; path = PropertyHelper.m; sourceTree = "<group>"; };
		F8B172921ECB73490072CE70 /* QueryHelper.h */ = {isa = PBXFileReference; fileEncoding = 4; lastKnownFileType = sourcecode.c.h; path = QueryHelper.h; sourceTree = "<group>"; };
		F8B172931ECB73490072CE70 /* QueryHelper.m */ = {isa = PBXFileReference; fileEncoding = 4; lastKnownFileType = sourcecode.c.objc; path = QueryHelper.m; sourceTree = "<group>"; };
		F8B172951ECB73490072CE70 /* DaoModel.h */ = {isa = PBXFileReference; fileEncoding = 4; lastKnownFileType = sourcecode.c.h; path = DaoModel.h; sourceTree = "<group>"; };
		F8B172961ECB73490072CE70 /* DaoModel.m */ = {isa = PBXFileReference; fileEncoding = 4; lastKnownFileType = sourcecode.c.objc; path = DaoModel.m; sourceTree = "<group>"; };
		F8B172981ECB73490072CE70 /* Select.h */ = {isa = PBXFileReference; fileEncoding = 4; lastKnownFileType = sourcecode.c.h; path = Select.h; sourceTree = "<group>"; };
		F8B172991ECB73490072CE70 /* Select.m */ = {isa = PBXFileReference; fileEncoding = 4; lastKnownFileType = sourcecode.c.objc; path = Select.m; sourceTree = "<group>"; };
		F8B1729A1ECB73490072CE70 /* SelectQueryTransaction.h */ = {isa = PBXFileReference; fileEncoding = 4; lastKnownFileType = sourcecode.c.h; path = SelectQueryTransaction.h; sourceTree = "<group>"; };
		F8B1729B1ECB73490072CE70 /* SelectQueryTransaction.m */ = {isa = PBXFileReference; fileEncoding = 4; lastKnownFileType = sourcecode.c.objc; path = SelectQueryTransaction.m; sourceTree = "<group>"; };
		F8B1729D1ECB73490072CE70 /* DBManager.h */ = {isa = PBXFileReference; fileEncoding = 4; lastKnownFileType = sourcecode.c.h; path = DBManager.h; sourceTree = "<group>"; };
		F8B1729E1ECB73490072CE70 /* DBManager.m */ = {isa = PBXFileReference; fileEncoding = 4; lastKnownFileType = sourcecode.c.objc; path = DBManager.m; sourceTree = "<group>"; };
/* End PBXFileReference section */

/* Begin PBXFrameworksBuildPhase section */
		F8B172481ECB31290072CE70 /* Frameworks */ = {
			isa = PBXFrameworksBuildPhase;
			buildActionMask = 2147483647;
			files = (
				F8B1726F1ECB32310072CE70 /* libsqlite3.tbd in Frameworks */,
			);
			runOnlyForDeploymentPostprocessing = 0;
		};
/* End PBXFrameworksBuildPhase section */

/* Begin PBXGroup section */
		F8B172421ECB31290072CE70 = {
			isa = PBXGroup;
			children = (
				F8B172651ECB31440072CE70 /* DatabaseLib */,
				F8B1724D1ECB31290072CE70 /* ReflectionSqlDatabase */,
				F8B1724C1ECB31290072CE70 /* Products */,
				F8B1726D1ECB32310072CE70 /* Frameworks */,
			);
			sourceTree = "<group>";
		};
		F8B1724C1ECB31290072CE70 /* Products */ = {
			isa = PBXGroup;
			children = (
				F8B1724B1ECB31290072CE70 /* ReflectionSqlDatabase.app */,
			);
			name = Products;
			sourceTree = "<group>";
		};
		F8B1724D1ECB31290072CE70 /* ReflectionSqlDatabase */ = {
			isa = PBXGroup;
			children = (
				F8B172511ECB31290072CE70 /* AppDelegate.h */,
				F8B172521ECB31290072CE70 /* AppDelegate.m */,
				F8B172541ECB31290072CE70 /* ViewController.h */,
				F8B172551ECB31290072CE70 /* ViewController.m */,
				F8B172571ECB31290072CE70 /* Main.storyboard */,
				F8B1725A1ECB31290072CE70 /* Assets.xcassets */,
				F8B1725C1ECB31290072CE70 /* LaunchScreen.storyboard */,
				F8B1725F1ECB31290072CE70 /* Info.plist */,
				F8B1724E1ECB31290072CE70 /* Supporting Files */,
				F8B172761ECB434F0072CE70 /* PersonModel.h */,
				F8B172771ECB434F0072CE70 /* PersonModel.m */,
				F82DFCBF1ECCBC6B00C31782 /* AddressModel.h */,
				F82DFCC01ECCBC6B00C31782 /* AddressModel.m */,
			);
			path = ReflectionSqlDatabase;
			sourceTree = "<group>";
		};
		F8B1724E1ECB31290072CE70 /* Supporting Files */ = {
			isa = PBXGroup;
			children = (
				F8B1724F1ECB31290072CE70 /* main.m */,
			);
			name = "Supporting Files";
			sourceTree = "<group>";
		};
		F8B172651ECB31440072CE70 /* DatabaseLib */ = {
			isa = PBXGroup;
			children = (
				F8B1728D1ECB73490072CE70 /* helpers */,
				F8B172941ECB73490072CE70 /* models */,
				F8B172971ECB73490072CE70 /* queries */,
				F8B1729C1ECB73490072CE70 /* utils */,
			);
			name = DatabaseLib;
			sourceTree = "<group>";
		};
		F8B1726D1ECB32310072CE70 /* Frameworks */ = {
			isa = PBXGroup;
			children = (
				F8B1726E1ECB32310072CE70 /* libsqlite3.tbd */,
			);
			name = Frameworks;
			sourceTree = "<group>";
		};
		F8B1728D1ECB73490072CE70 /* helpers */ = {
			isa = PBXGroup;
			children = (
				F8B1728E1ECB73490072CE70 /* DateHelper.h */,
				F8B1728F1ECB73490072CE70 /* DateHelper.m */,
				F8B172901ECB73490072CE70 /* PropertyHelper.h */,
				F8B172911ECB73490072CE70 /* PropertyHelper.m */,
				F8B172921ECB73490072CE70 /* QueryHelper.h */,
				F8B172931ECB73490072CE70 /* QueryHelper.m */,
				F82DFCBC1ECC7D2C00C31782 /* DBHelper.h */,
				F82DFCBD1ECC7D2C00C31782 /* DBHelper.m */,
			);
			name = helpers;
			path = Classes/helpers;
			sourceTree = "<group>";
		};
		F8B172941ECB73490072CE70 /* models */ = {
			isa = PBXGroup;
			children = (
				F8B172951ECB73490072CE70 /* DaoModel.h */,
				F8B172961ECB73490072CE70 /* DaoModel.m */,
			);
			name = models;
			path = Classes/models;
			sourceTree = "<group>";
		};
		F8B172971ECB73490072CE70 /* queries */ = {
			isa = PBXGroup;
			children = (
				F8B172981ECB73490072CE70 /* Select.h */,
				F8B172991ECB73490072CE70 /* Select.m */,
				F8B1729A1ECB73490072CE70 /* SelectQueryTransaction.h */,
				F8B1729B1ECB73490072CE70 /* SelectQueryTransaction.m */,
			);
			name = queries;
			path = Classes/queries;
			sourceTree = "<group>";
		};
		F8B1729C1ECB73490072CE70 /* utils */ = {
			isa = PBXGroup;
			children = (
				F8B1729D1ECB73490072CE70 /* DBManager.h */,
				F8B1729E1ECB73490072CE70 /* DBManager.m */,
				F87CEC0C1ECB7E5200247CA4 /* WhereNode.h */,
				F87CEC0D1ECB7E5200247CA4 /* WhereNode.m */,
			);
			name = utils;
			path = Classes/utils;
			sourceTree = "<group>";
		};
/* End PBXGroup section */

/* Begin PBXNativeTarget section */
		F8B1724A1ECB31290072CE70 /* ReflectionSqlDatabase */ = {
			isa = PBXNativeTarget;
			buildConfigurationList = F8B172621ECB31290072CE70 /* Build configuration list for PBXNativeTarget "ReflectionSqlDatabase" */;
			buildPhases = (
				F8B172471ECB31290072CE70 /* Sources */,
				F8B172481ECB31290072CE70 /* Frameworks */,
				F8B172491ECB31290072CE70 /* Resources */,
			);
			buildRules = (
			);
			dependencies = (
			);
			name = ReflectionSqlDatabase;
			productName = ReflectionSqlDatabase;
			productReference = F8B1724B1ECB31290072CE70 /* ReflectionSqlDatabase.app */;
			productType = "com.apple.product-type.application";
		};
/* End PBXNativeTarget section */

/* Begin PBXProject section */
		F8B172431ECB31290072CE70 /* Project object */ = {
			isa = PBXProject;
			attributes = {
				LastUpgradeCheck = 0830;
				ORGANIZATIONNAME = marraware;
				TargetAttributes = {
					F8B1724A1ECB31290072CE70 = {
						CreatedOnToolsVersion = 8.3.2;
						ProvisioningStyle = Automatic;
					};
				};
			};
			buildConfigurationList = F8B172461ECB31290072CE70 /* Build configuration list for PBXProject "ReflectionSqlDatabase" */;
			compatibilityVersion = "Xcode 3.2";
			developmentRegion = English;
			hasScannedForEncodings = 0;
			knownRegions = (
				en,
				Base,
			);
			mainGroup = F8B172421ECB31290072CE70;
			productRefGroup = F8B1724C1ECB31290072CE70 /* Products */;
			projectDirPath = "";
			projectRoot = "";
			targets = (
				F8B1724A1ECB31290072CE70 /* ReflectionSqlDatabase */,
			);
		};
/* End PBXProject section */

/* Begin PBXResourcesBuildPhase section */
		F8B172491ECB31290072CE70 /* Resources */ = {
			isa = PBXResourcesBuildPhase;
			buildActionMask = 2147483647;
			files = (
				F8B1725E1ECB31290072CE70 /* LaunchScreen.storyboard in Resources */,
				F8B1725B1ECB31290072CE70 /* Assets.xcassets in Resources */,
				F8B172591ECB31290072CE70 /* Main.storyboard in Resources */,
			);
			runOnlyForDeploymentPostprocessing = 0;
		};
/* End PBXResourcesBuildPhase section */

/* Begin PBXSourcesBuildPhase section */
		F8B172471ECB31290072CE70 /* Sources */ = {
			isa = PBXSourcesBuildPhase;
			buildActionMask = 2147483647;
			files = (
				F8B172A01ECB73490072CE70 /* PropertyHelper.m in Sources */,
				F8B172A11ECB73490072CE70 /* QueryHelper.m in Sources */,
				F8B172A21ECB73490072CE70 /* DaoModel.m in Sources */,
				F8B172561ECB31290072CE70 /* ViewController.m in Sources */,
				F82DFCC11ECCBC6B00C31782 /* AddressModel.m in Sources */,
				F8B1729F1ECB73490072CE70 /* DateHelper.m in Sources */,
				F8B172531ECB31290072CE70 /* AppDelegate.m in Sources */,
				F8B172A31ECB73490072CE70 /* Select.m in Sources */,
				F82DFCBE1ECC7D2C00C31782 /* DBHelper.m in Sources */,
				F87CEC0E1ECB7E5200247CA4 /* WhereNode.m in Sources */,
				F8B172A51ECB73490072CE70 /* DBManager.m in Sources */,
				F8B172A41ECB73490072CE70 /* SelectQueryTransaction.m in Sources */,
				F8B172501ECB31290072CE70 /* main.m in Sources */,
				F8B172781ECB434F0072CE70 /* PersonModel.m in Sources */,
			);
			runOnlyForDeploymentPostprocessing = 0;
		};
/* End PBXSourcesBuildPhase section */

/* Begin PBXVariantGroup section */
		F8B172571ECB31290072CE70 /* Main.storyboard */ = {
			isa = PBXVariantGroup;
			children = (
				F8B172581ECB31290072CE70 /* Base */,
			);
			name = Main.storyboard;
			sourceTree = "<group>";
		};
		F8B1725C1ECB31290072CE70 /* LaunchScreen.storyboard */ = {
			isa = PBXVariantGroup;
			children = (
				F8B1725D1ECB31290072CE70 /* Base */,
			);
			name = LaunchScreen.storyboard;
			sourceTree = "<group>";
		};
/* End PBXVariantGroup section */

/* Begin XCBuildConfiguration section */
		F8B172601ECB31290072CE70 /* Debug */ = {
			isa = XCBuildConfiguration;
			buildSettings = {
				ALWAYS_SEARCH_USER_PATHS = NO;
				CLANG_ANALYZER_NONNULL = YES;
				CLANG_ANALYZER_NUMBER_OBJECT_CONVERSION = YES_AGGRESSIVE;
				CLANG_CXX_LANGUAGE_STANDARD = "gnu++0x";
				CLANG_CXX_LIBRARY = "libc++";
				CLANG_ENABLE_MODULES = YES;
				CLANG_ENABLE_OBJC_ARC = YES;
				CLANG_WARN_BOOL_CONVERSION = YES;
				CLANG_WARN_CONSTANT_CONVERSION = YES;
				CLANG_WARN_DIRECT_OBJC_ISA_USAGE = YES_ERROR;
				CLANG_WARN_DOCUMENTATION_COMMENTS = YES;
				CLANG_WARN_EMPTY_BODY = YES;
				CLANG_WARN_ENUM_CONVERSION = YES;
				CLANG_WARN_INFINITE_RECURSION = YES;
				CLANG_WARN_INT_CONVERSION = YES;
				CLANG_WARN_OBJC_ROOT_CLASS = YES_ERROR;
				CLANG_WARN_SUSPICIOUS_MOVE = YES;
				CLANG_WARN_UNREACHABLE_CODE = YES;
				CLANG_WARN__DUPLICATE_METHOD_MATCH = YES;
				"CODE_SIGN_IDENTITY[sdk=iphoneos*]" = "iPhone Developer";
				COPY_PHASE_STRIP = NO;
				DEBUG_INFORMATION_FORMAT = dwarf;
				ENABLE_STRICT_OBJC_MSGSEND = YES;
				ENABLE_TESTABILITY = YES;
				GCC_C_LANGUAGE_STANDARD = gnu99;
				GCC_DYNAMIC_NO_PIC = NO;
				GCC_NO_COMMON_BLOCKS = YES;
				GCC_OPTIMIZATION_LEVEL = 0;
				GCC_PREPROCESSOR_DEFINITIONS = (
					"DEBUG=1",
					"$(inherited)",
				);
				GCC_WARN_64_TO_32_BIT_CONVERSION = YES;
				GCC_WARN_ABOUT_RETURN_TYPE = YES_ERROR;
				GCC_WARN_UNDECLARED_SELECTOR = YES;
				GCC_WARN_UNINITIALIZED_AUTOS = YES_AGGRESSIVE;
				GCC_WARN_UNUSED_FUNCTION = YES;
				GCC_WARN_UNUSED_VARIABLE = YES;
				IPHONEOS_DEPLOYMENT_TARGET = 10.3;
				MTL_ENABLE_DEBUG_INFO = YES;
				ONLY_ACTIVE_ARCH = YES;
				SDKROOT = iphoneos;
			};
			name = Debug;
		};
		F8B172611ECB31290072CE70 /* Release */ = {
			isa = XCBuildConfiguration;
			buildSettings = {
				ALWAYS_SEARCH_USER_PATHS = NO;
				CLANG_ANALYZER_NONNULL = YES;
				CLANG_ANALYZER_NUMBER_OBJECT_CONVERSION = YES_AGGRESSIVE;
				CLANG_CXX_LANGUAGE_STANDARD = "gnu++0x";
				CLANG_CXX_LIBRARY = "libc++";
				CLANG_ENABLE_MODULES = YES;
				CLANG_ENABLE_OBJC_ARC = YES;
				CLANG_WARN_BOOL_CONVERSION = YES;
				CLANG_WARN_CONSTANT_CONVERSION = YES;
				CLANG_WARN_DIRECT_OBJC_ISA_USAGE = YES_ERROR;
				CLANG_WARN_DOCUMENTATION_COMMENTS = YES;
				CLANG_WARN_EMPTY_BODY = YES;
				CLANG_WARN_ENUM_CONVERSION = YES;
				CLANG_WARN_INFINITE_RECURSION = YES;
				CLANG_WARN_INT_CONVERSION = YES;
				CLANG_WARN_OBJC_ROOT_CLASS = YES_ERROR;
				CLANG_WARN_SUSPICIOUS_MOVE = YES;
				CLANG_WARN_UNREACHABLE_CODE = YES;
				CLANG_WARN__DUPLICATE_METHOD_MATCH = YES;
				"CODE_SIGN_IDENTITY[sdk=iphoneos*]" = "iPhone Developer";
				COPY_PHASE_STRIP = NO;
				DEBUG_INFORMATION_FORMAT = "dwarf-with-dsym";
				ENABLE_NS_ASSERTIONS = NO;
				ENABLE_STRICT_OBJC_MSGSEND = YES;
				GCC_C_LANGUAGE_STANDARD = gnu99;
				GCC_NO_COMMON_BLOCKS = YES;
				GCC_WARN_64_TO_32_BIT_CONVERSION = YES;
				GCC_WARN_ABOUT_RETURN_TYPE = YES_ERROR;
				GCC_WARN_UNDECLARED_SELECTOR = YES;
				GCC_WARN_UNINITIALIZED_AUTOS = YES_AGGRESSIVE;
				GCC_WARN_UNUSED_FUNCTION = YES;
				GCC_WARN_UNUSED_VARIABLE = YES;
				IPHONEOS_DEPLOYMENT_TARGET = 10.3;
				MTL_ENABLE_DEBUG_INFO = NO;
				SDKROOT = iphoneos;
				VALIDATE_PRODUCT = YES;
			};
			name = Release;
		};
		F8B172631ECB31290072CE70 /* Debug */ = {
			isa = XCBuildConfiguration;
			buildSettings = {
				ASSETCATALOG_COMPILER_APPICON_NAME = AppIcon;
				INFOPLIST_FILE = ReflectionSqlDatabase/Info.plist;
				LD_RUNPATH_SEARCH_PATHS = "$(inherited) @executable_path/Frameworks";
				PRODUCT_BUNDLE_IDENTIFIER = br.marraware.ReflectionSqlDatabase;
				PRODUCT_NAME = "$(TARGET_NAME)";
			};
			name = Debug;
		};
		F8B172641ECB31290072CE70 /* Release */ = {
			isa = XCBuildConfiguration;
			buildSettings = {
				ASSETCATALOG_COMPILER_APPICON_NAME = AppIcon;
				INFOPLIST_FILE = ReflectionSqlDatabase/Info.plist;
				LD_RUNPATH_SEARCH_PATHS = "$(inherited) @executable_path/Frameworks";
				PRODUCT_BUNDLE_IDENTIFIER = br.marraware.ReflectionSqlDatabase;
				PRODUCT_NAME = "$(TARGET_NAME)";
			};
			name = Release;
		};
/* End XCBuildConfiguration section */

/* Begin XCConfigurationList section */
		F8B172461ECB31290072CE70 /* Build configuration list for PBXProject "ReflectionSqlDatabase" */ = {
			isa = XCConfigurationList;
			buildConfigurations = (
				F8B172601ECB31290072CE70 /* Debug */,
				F8B172611ECB31290072CE70 /* Release */,
			);
			defaultConfigurationIsVisible = 0;
			defaultConfigurationName = Release;
		};
		F8B172621ECB31290072CE70 /* Build configuration list for PBXNativeTarget "ReflectionSqlDatabase" */ = {
			isa = XCConfigurationList;
			buildConfigurations = (
				F8B172631ECB31290072CE70 /* Debug */,
				F8B172641ECB31290072CE70 /* Release */,
			);
			defaultConfigurationIsVisible = 0;
			defaultConfigurationName = Release;
		};
/* End XCConfigurationList section */
	};
	rootObject = F8B172431ECB31290072CE70 /* Project object */;
}
